{
  "version": 4,
  "terraform_version": "1.1.9",
  "serial": 17,
  "lineage": "d78a9854-f689-bb62-1d6f-2c2bae6380fd",
  "outputs": {
    "lb_ip": {
      "value": "51.137.14.213",
      "type": "string"
    }
  },
  "resources": [
    {
      "mode": "data",
      "type": "azurerm_kubernetes_cluster",
      "name": "cluster",
      "provider": "provider[\"registry.terraform.io/hashicorp/azurerm\"]",
      "instances": [
        {
          "schema_version": 0,
          "attributes": {
            "aci_connector_linux": [],
            "agent_pool_profile": [
              {
                "count": 2,
                "enable_auto_scaling": false,
                "enable_node_public_ip": false,
                "max_count": 0,
                "max_pods": 110,
                "min_count": 0,
                "name": "default",
                "node_labels": {},
                "node_public_ip_prefix_id": "",
                "node_taints": [],
                "orchestrator_version": "1.22.6",
                "os_disk_size_gb": 30,
                "os_type": "Linux",
                "tags": {},
                "type": "VirtualMachineScaleSets",
                "upgrade_settings": [],
                "vm_size": "Standard_d2ads_v5",
                "vnet_subnet_id": "",
                "zones": []
              }
            ],
            "api_server_authorized_ip_ranges": [],
            "azure_active_directory_role_based_access_control": [],
            "azure_policy_enabled": false,
            "disk_encryption_set_id": "",
            "dns_prefix": "deep-alpaca-k8s",
            "fqdn": "deep-alpaca-k8s-15dba58f.hcp.westeurope.azmk8s.io",
            "http_application_routing_enabled": false,
            "http_application_routing_zone_name": "",
            "id": "/subscriptions/93093cad-d687-4465-93c5-dfbaa73f7112/resourceGroups/deep-alpaca-rg/providers/Microsoft.ContainerService/managedClusters/deep-alpaca-aks",
            "identity": [],
            "ingress_application_gateway": [],
            "key_vault_secrets_provider": [],
            "kube_admin_config": [],
            "kube_admin_config_raw": "",
            "kube_config": [
              {
                "client_certificate": "LS0tLS1CRUdJTiBDRVJUSUZJQ0FURS0tLS0tCk1JSUZIVENDQXdXZ0F3SUJBZ0lRWTRKVkhocVZBYlVOMmRXZUM0V1JNakFOQmdrcWhraUc5dzBCQVFzRkFEQU4KTVFzd0NRWURWUVFERXdKallUQWVGdzB5TWpBMU1UZ3dPVFUyTUROYUZ3MHlOREExTVRneE1EQTJNRE5hTURBeApGekFWQmdOVkJBb1REbk41YzNSbGJUcHRZWE4wWlhKek1SVXdFd1lEVlFRREV3eHRZWE4wWlhKamJHbGxiblF3CmdnSWlNQTBHQ1NxR1NJYjNEUUVCQVFVQUE0SUNEd0F3Z2dJS0FvSUNBUURKU1RsVFNjcmxWTmUzTWc2VXRpOEIKU1IxU21sTklJQzZTK094Nlk0bVpPRTFxMDJvMXVGL3h0azhMekZ0QXBudXBSQVU1d2FBbVRTdmxFSG02MW9uaAo0OVMyZjlLNVZDU1hIdEdYeXZHSFBSSzJqMEhITEwxcEFwdTN6ZzBoaWpBZ3hERERoTzNpVEk3Wmx3VmNlZmQyClgvNUkvd2l6dmFTUmxza05nWDVueWluYW5wL2hlT245ekVnaEZNUzZXdDFTblVRellQYi9lRFdFYkR5cFhWQzYKRnB3QUp4QzVDY2pHOFRWK3lORmR4SWZVblp3Z2gydTlPQSsxbnlZOTU2VDUvNDVTMkVUd2tqbEhnckcwSHdQVwpRMTd2VHloRzRJTUpKUjhFenIwM0hYUTJwUmI5MjQyZDlxM083R1BQa1RTbi9IcW1iV2xaNDFtQysvWDB2SjA0Ci9CN1hrUTRvWi90THV4a0ljdXY2Y0xVMlUwdjBRMjdpSlFMK1orbG5tUzdKdytPbjB0VFVlbnd0anIzSjBNVE4KYVFpaUs3ZWFXSXV6VFNSdVk1aktNVkFqdkpadU5BVEIxYjIzRWlTOHgyNWVkQkZNOVNucjh6OS95V2VTOWhSaQo4Vkt5cnNLQ08wNnFpbUVqVllEUjF1dFN5U3lKeUVabUVxU2xEZjluK2F5OWtpQVY0cFo2RERzeDdlUFlCbUhuCmR1K3pZSTVIaVNlSU5JZTN6Q1p5WEliWFI3dmYrWjVhYlJKNlYwMjdjdGZhSThXOXdjUmNjTUM4N2JCSUcrWTQKb29hWVNFNXF0K255ZkVIS1N4UGE0ek1UclEyeXhhL0NFWUFZRXJpWFhSMytDdy9JZUp5S3BzZFZBbk54bXBzTgoyZGZ5L1JuMlhmS1ZDSWtESW1SSlFRSURBUUFCbzFZd1ZEQU9CZ05WSFE4QkFmOEVCQU1DQmFBd0V3WURWUjBsCkJBd3dDZ1lJS3dZQkJRVUhBd0l3REFZRFZSMFRBUUgvQkFJd0FEQWZCZ05WSFNNRUdEQVdnQlRINGlzbmEzQUgKWnJtb0NsNS9sN0FBMUlCaDhqQU5CZ2txaGtpRzl3MEJBUXNGQUFPQ0FnRUFqNS9KL3hkWTh6VFRPaDAyT1kxaQpwRUhvb3BKWDdSZmtibUQ0a05TNlhmTTFvc3lNUC90WTd0Ymk0TkQveGRTaTVob3QrR0t1NGc4YVlOOFl6MEE3CndPcEtINmNkTlZmY2FKMUJaenpCWXVnaDU1RENxYXVnVjN1d1k2LzY5djgvWUlLU1NjQnROSGFGS292QlFuSFYKYURVT01PTG00N0ovRlJDeEgvMmlCKzgwVFdFR1plT0RUNFBOd3dzOXJ0RlNWTlByWVgrejJQUFQ0ckhFMXBPLwpVY0YwU3lqLzVJQnFqbVFMUGhNc1pIVUVLQ1RXaUF2andYQitRbTFjcElUbXJmeFhrc1dZSzk4Q3VlQjlHcitlCmsrSjBlNnl3eG00UndwNFFJcVRUanMvNmVkSlhpck56aEVTclFwYlFBM0Ixa3UrRElzcjRNREVzakF6TUx0bzUKd0NpS3FzNVQxTjFaVWhhcStVczZlRWRueHVtZ3doY2JzUnpJQnlWNDhlSU9QcndVTFRFMXNIOTZ3eW5XOS9pMAo2WHdzUWJrY1llbS9MSk1wU3czakpGaXpaSzVERWk4V0FZRGFVYzlOYXZsVVNoMnRCcjduZmFMTXRBVnhFU1VqCjR5MHhrZUhlQkIrOFN6aXo4cm1CRlRpN1hpRkIzMm5MYk5MTGVSWjB3amhtd1diSmJCYi9rQndtQnFiYnBiVGIKU2ZqNkd4UDZkQVlYYjFqa2xwMXN3KzZFUDA4UjNwbU1WajI5WGg0ekZjRDdDdnU0bkhlNnJJVTdzQnVjK1pFUwo2c3RpVWtPclR2Q0FyUjdzTnZ0YzUvRHVRV082d0VUbXNqNTN1cWtvRWJFQS9xREw1Tlk1ekVzb2dzZzU0QzUzCmVjblh1eUxNSGZad2lxWllHdkJzS1BBPQotLS0tLUVORCBDRVJUSUZJQ0FURS0tLS0tCg==",
                "client_key": "LS0tLS1CRUdJTiBSU0EgUFJJVkFURSBLRVktLS0tLQpNSUlKS0FJQkFBS0NBZ0VBeVVrNVUwbks1VlRYdHpJT2xMWXZBVWtkVXBwVFNDQXVrdmpzZW1PSm1UaE5hdE5xCk5iaGY4YlpQQzh4YlFLWjdxVVFGT2NHZ0prMHI1UkI1dXRhSjRlUFV0bi9TdVZRa2x4N1JsOHJ4aHowU3RvOUIKeHl5OWFRS2J0ODROSVlvd0lNUXd3NFR0NGt5TzJaY0ZYSG4zZGwvK1NQOElzNzJra1piSkRZRitaOG9wMnA2Zgo0WGpwL2N4SUlSVEV1bHJkVXAxRU0yRDIvM2cxaEd3OHFWMVF1aGFjQUNjUXVRbkl4dkUxZnNqUlhjU0gxSjJjCklJZHJ2VGdQdFo4bVBlZWsrZitPVXRoRThKSTVSNEt4dEI4RDFrTmU3MDhvUnVDRENTVWZCTTY5TngxME5xVVcKL2R1Tm5mYXR6dXhqejVFMHAveDZwbTFwV2VOWmd2djE5THlkT1B3ZTE1RU9LR2Y3UzdzWkNITHIrbkMxTmxOTAo5RU51NGlVQy9tZnBaNWt1eWNQanA5TFUxSHA4TFk2OXlkREV6V2tJb2l1M21saUxzMDBrYm1PWXlqRlFJN3lXCmJqUUV3ZFc5dHhJa3ZNZHVYblFSVFBVcDYvTS9mOGxua3ZZVVl2RlNzcTdDZ2p0T3FvcGhJMVdBMGRiclVza3MKaWNoR1poS2twUTMvWi9tc3ZaSWdGZUtXZWd3N01lM2oyQVpoNTNidnMyQ09SNGtuaURTSHQ4d21jbHlHMTBlNwozL21lV20wU2VsZE51M0xYMmlQRnZjSEVYSERBdk8yd1NCdm1PS0tHbUVoT2FyZnA4bnhCeWtzVDJ1TXpFNjBOCnNzV3Z3aEdBR0JLNGwxMGQvZ3NQeUhpY2lxYkhWUUp6Y1pxYkRkblg4djBaOWwzeWxRaUpBeUprU1VFQ0F3RUEKQVFLQ0FnRUFuK1dRS1U2Y1kvTXk3VzlSVCtjdGplcmo1VU44MXZYaHFaVWVYZGNHYm5YZ1lmVVNFUnltOHQ5dApDYVZMOUI2TWE1a0NRYkJEcFVsMmpoKzVZNmVibnBzYTFlTFNwYkJtNUxseHJCQm1MNVZmY1RCNkExdlNGMElnCkt6SC9FbDZ3L3NaN0trWkZwcGhFZml0TzhmaGRrV2FPSExTajJBelZWMllkenFISXBYQmVNVElETmR5VW5LMlQKdXR2QnIzd1JCdGl4WGRNd1F4N2QvSlR5MTJPdWhqVUJ0Y2xTcW50UVNHRkNxcldpUThla1Uwemt3cDV4QXI0dgpGSXNabU9HVUY1aGdHZ1Y5TmxJaU9HRmxBdjRFVVVmeGVVODdZcHBrM1hYa256QVA5V0ZyZVNGS0UxMCtzWFpNCitleWxHVFZ6UytMd0Y1Y2dzbXc5SmlVN2JEQU0vOWZjcTJXQVVzalFzS09vSVF3NklmdHZRUDhYWDc4d05JanQKTDFTTzY4T1JvWUY0SkdwRTRwN0M5STd5N2hZb053RnNPQTdiUWNENGw3ZmtzWUdLaW9OVi9vMklYMWgyTGZ2NAo1dGdWWDZacnlYRVZYc251WWhBWUpqOVBPQnZBSTNWUUVxU2l1OUVJVjBQNTVmL0hUTE04bmZtT21YL1YzTHNTClh4S2pNNWd6d2pueDJ5cE90VVI3a1YyUXVnWmxwTE9IUGw4OC9MemRzcm5yQXZqUjZCK3Y4TlkzU2pMSVdpeXkKRWltUzNtcVpzcTZaRHU2Q0JzNTMyMGJ1QkdIYjBwTm5STFdhbEwrWkx0R3Qxb3kyZDhFY20zQmFJOGthMGlrdQpUclpsbzZaRDZlQmJabFNwWlVxa01aa3VmZGlGcGlrS0NkZzIwN1V0MklXL1BnWlpqdlVDZ2dFQkFPaXptWUtxCk01eURjT090S1pLdndZVk1vcDNOcDBUejVlV2d3ajlxNFRzN0U0Z0VmbDFwOUlXUUFNNTd0YmtPdjN2RUd6VUIKV1BMSzA2QUdmUGg5NE5kM0ZMeVdkeXBYbFB4R2VTS0RrRnMzMkdzS1p0Ui9DeE1mUE1hWWdobmp3V3laWXh1NgpNVGRMWGJDL3krd0Z4STZxeGhEbzZEQXN4M3h3UmRKOTd2TW9ibERCRGk5dE45MnVuNUN4bGVpeVR2VnRmWk00CkltYmtvdmFFcXljYnZIUW92YTZFZU9KRFp2YW9hVzdHRTJhdlFUeXZlNWk0eklnWGlJUnpQMXczSUdyS3FFa1EKSVJGNTZqNlZPcUkxbVhsZy9PYVk0aDdoWEgzeVBnVUN6SnZnQ2NGaFBjci9rVjZ5WkdsbngzZjMrUEE5akxGdApyMmMranVEQ2I4N3BLTzhDZ2dFQkFOMXdhTU1mWWdsN29rOTJ2b1h3Rk9ySzdRdUFEQlUwR293aWEvdzFMVDBHCkZTSHN3UU5VVytpNFNtd3FNZWZrelcyalNVcGIxVDY4MzJENXI0NEhFZVpTdEJuWWVZVDNMdlFONG5SYlEvVTgKanNzckNySTJ6T3N3WFVDY3VhNXAzTW9hdjEycHY5NGlVN0xJWHNqZi96aVVRWWlFNndXczlEb1drQVJiVm4vQgptZ3RPRkY3MmRIbWgzbzFiSWdqcXRneFpYMVlUUTgzR1h4NmZBSnVpdURpSGUwS3BUTjh0WDJsNGc0aFQyUVJFCkI1QzBzNHUzVVRoMThDanU3bGZxL0R0eFNzejZKdGcwdnovQ3ZMTVJESXlvYzQ5anNuelVRSUo3M0NBTXllOGoKTElRU3orVFhQNzhWVEREUlhxalNzcEtpZHV5NHFnNm9XaEQ2N21NRzBNOENnZ0VBT1JBcHVkQVEvZldCam1OZApTWHBPQTJrcWkzWHQ2Y3ZCZVpEMWNXVzlPN0FkOXdIYkZ2OHZsajBjNVlXU3A0SEZWUTFlK3AyTStXVGhobUZ3CjdlSzRhejNwV09HdzhUSXU5N28wWkZGTTZnR0UwYUxvV24yWThxUjdXOXYwTTNNVmNKTWdxYUQ4QnFvMW5HMDgKRFhIUXBJZWVNSEZjMXN0MFU4Q1licWl4R3ZHME01dFQ1aTlyUHJKZXNMWExwQmR0bzJPcElwdm1XOEwvYjJKVApNakRzQXJRbTU0L1dzTzJFWjBJZk1LbmtBZzlCK1Nhek1WMUgwcXVxcjRndlptYWlUVzNLM0xmVzFCbEladlpqClBYblZXOTE3eHZTQXByL3UxWGU4MjYrM0N4WmliZ2h4aGNFc0hjT3pPZUhZR1VRMnlIcmZjSGNNUjA0ZzdWN2cKMmlWMUF3S0NBUUJHTVNta0lFQ05UUGxvUXZXbHN6S09Nb0R0VWt1Q05SL3RKOFFmRUNRazRkYTFDRDB1ZHdFagpSYmVoamNhQUFWRDAzZnVQYklpdCtHUytjcWNwV0NoZVgvemk3SEdvcWtuaDVyelBzVlpiV0RUVFJmT0FCa3J5CmlrUWxCUWordG1QY1ZKb3djR3gzVjE0OG43TWI3WlVUTkR1SnNNaG01aW9NZDdaekN4amlLbFpRR3hIdUFDVnYKb05YUTdRQmUzemVSdG9xMzJDZDRCTmVGOTFUVUFNSndlTkdqa2RMaU01bTQ3eENTbURHRVhxUWZSSWhkVTJDVgppeHp6Zkxsa2VRSTNQWFErZ1ZUcTE5MS9zcFRxRmc5cVRzTkN3cEdEYkN4K3NCQll3SFVLTHBZZnoyN0MxVkJKCm05Q284TlVXb3FNa1JBZDZoaGF4eXIreC9qaXVmeXlWQW9JQkFGbS9SYXZkM1NDUFhtUWQxTWpzV0FSbDMvTG8KVnBFNDdBU3dOV0wyK1RhVzRQck1QQ2lpREk2V1VJR2h0eFNkdWl3a2Q2bnFRRjg4Y0dZL0VnV0xzR1ZGWVAvZgpWcVVqenUwVVB1aHJYZ2tvcTYrMWNPWGJuKzllMUNsdk9mcUFtS2x4aldyWm0vcEVkcFdsbHZqV1dCWExDTDhJCkxVRFhJV1VuWktINit1SXJwYjJFOTU0d2NpYlNtZWFZck1LSzRPVTNyQ05abzVSOUlXYlB5MzBNSXV1aG1wZkkKUDhnRFdZSHRPRFJvZzhsbS9lcENZYmRuL1JUeHEvalYreU85d1pmR1c4VEFpUEttRlFBcVVOOGVIRGUwb1o0MQpmNjdsZUd3VzZlK0pjQkhwL3N1bCtybU1nY1d6NU9JSzNTQ20vWGh1MGEwbFhMMlJ1OC9TSlZxMGZNaz0KLS0tLS1FTkQgUlNBIFBSSVZBVEUgS0VZLS0tLS0K",
                "cluster_ca_certificate": "LS0tLS1CRUdJTiBDRVJUSUZJQ0FURS0tLS0tCk1JSUU2RENDQXRDZ0F3SUJBZ0lRUFpMcVlqT0tIOC9uNU1YQ3lYUnFnakFOQmdrcWhraUc5dzBCQVFzRkFEQU4KTVFzd0NRWURWUVFERXdKallUQWdGdzB5TWpBMU1UZ3dPVFUyTUROYUdBOHlNRFV5TURVeE9ERXdNRFl3TTFvdwpEVEVMTUFrR0ExVUVBeE1DWTJFd2dnSWlNQTBHQ1NxR1NJYjNEUUVCQVFVQUE0SUNEd0F3Z2dJS0FvSUNBUURkCnhiSTdXQzVyR1dEa29vNUxiekIra3lqc3JreFY1T2hpQk9lMDR1dVZ3bmR1WmFKUm9EU3JielhFS2paczJrd0sKblUvYUJLcE83YkdLdnhFUm1aQ2hmVHNDQVAwQmg4eGFyK1dGVWxySEcwRFV5Z3dDakg5V0ozSnNCZGRESEtDawppeDBzL2NWMTRRUElEN2ttNkwzZTZxVEl6NXV2ZDZoc0gyUjQyeUZKaUhuV2hmUTExNTN5NUhmNGQvV0tUZzNBCm4yMEtqSmVoUW5NWDF0ZEN1WndUOGVVb2lGWDJtMG5Ua2EvM2pweFJrVTBUMkpXSUdLRjc5Si95aEsyVjFGZVAKVVhDYkVDYnl2Z0Ixb2w1MVdYUVdiWGhvNkV1eWRUdVI1bk9Dd21OUDZBeXNlQko0QmE3cStZVkZBU3RhQXZZbQptcmdVMDdsR3lEb1BvRzB0aC9lQUJlOFMxZldQd2JSVWl2T3ZEb1VyWGQ0a2lqc0RJL3Q2TU1DZm45M3pMMjV1CkxGeVBreWtoVHJNTjQ1cjk0a3RYb2pLMW1Bamd4L2t3WVduM3lwdTdCT0F4NjhnZ2M4eVBLRDJFdWRqUGhGUTEKRWpGVjBhMlliNlZvQnRRaThYaVp3QUwvK2lWZ0JsajVyT1NGcDY2bkZZaGdKWHVuN2xzU20zVEU1Sy9zbTJsQwpJT0NHc0NTQjFUNUxNb1p0RXhjZkwvNW9Tak5yWDlYeEpOU0M3eklpRnF0bkZtT0x2alVQL1dzZGhRRnhJOVM0CmlIV1RzRHdKdG5TakhhWnVOVktwZ1VSSnJFZ0xXYXpHYjQ2YStkdW5vTjZuakE1ZlpwZW95a210bEVybFlvM2sKM290dnlKdVVadHdSd2IyS2toSDQrWThWVEpIZjhZV1Y2bFFoSG8zLy93SURBUUFCbzBJd1FEQU9CZ05WSFE4QgpBZjhFQkFNQ0FxUXdEd1lEVlIwVEFRSC9CQVV3QXdFQi96QWRCZ05WSFE0RUZnUVV4K0lySjJ0d0IyYTVxQXBlCmY1ZXdBTlNBWWZJd0RRWUpLb1pJaHZjTkFRRUxCUUFEZ2dJQkFKdFpnQjdqOVU2UjVQQUpxN25vS0RJYUlKNHQKWDNLWHI4SXRsdWtRUWtPSXFPNDJwa01nbWFGY0tFMC9ZYmlVbUhyNlhCYkNydlZCYjg2WHROQ0JFWThuNkpwcgp1S3RESUYwN2VmT0dNVXlrajJmMVVLcHdDdmZycVV4aVdWa3YvaXBsUVJTTFFQb3BWZ1pMc1AyS0hSOU0ydWFwCmp0QTV4MzRCWEl3cmRIbWNjVTRmdlNRTnh4Vmc5YVBWcTNUTytXVC90T3VJZERESDltSkFTTVl2V1ZjWW5xUlkKdkcrQ2hKYk51S25vN1NQaFNNR0dNMHpkZnVJT1hJOEU4YU5ITmJyVitjYi9PK043Z3VzRkpFaXJ6dWwydk1PbgpzQ0N5dXdhNzV3MGN3eEVwcERHYVJZS3JXaGtJS2k4YXdFY3JqNE5WNnJxK282VjNUZ2hxUnpReXVlUlkveW5XCjhiSGFUekZ4ajVDVFlvdVBUSFFQY2xBZUkwQW5ha0NKZFI3bXVkcC9weDFNblJCTmdubUw2RE9qcTFJYUMyaFkKMVdFV0VDbkhqM0thaWV2NFZ6WlE2ME1MWGYrYjFWTjNaYTJpS2JwcjhNMkpRemUxU1BmUFd3cUpiMVNnZjFtYQo1S01ubkVadURmOFE4cGRtSGhhR3hrNUQ0eFZ1T21kTWpwZS9wVDhMUWxkQXhlcEdWaWh1NGUrc1NuZWVIVzEyCkNMRktUSDJ0RW91RWdER0JjVVc2MVA1N0JnanZmajM5NVh1bmovUC94ZWVqV0l0dGllQUhhNEEvSnpUN1JRZzgKM0FwN3hMTm03L09nVmt1eENpTzF5VEtoZVJqU3pjVklkR1dKcWg4Skx1RFpwRFlsbm5ybjJ5STdaOFV3QzF6OQpzSW9tcVFhUkxLUzZhSUF6Ci0tLS0tRU5EIENFUlRJRklDQVRFLS0tLS0K",
                "host": "https://deep-alpaca-k8s-15dba58f.hcp.westeurope.azmk8s.io:443",
                "password": "8a653445ef837e989e4302e1cbc001b0beaab75c66852c778cdef2773c04b58b6d151c18c838fd5576a24af74ec1e66d03e81b4a2aa6df6396fb47c39de6c1b4",
                "username": "clusterUser_deep-alpaca-rg_deep-alpaca-aks"
              }
            ],
            "kube_config_raw": "apiVersion: v1\nclusters:\n- cluster:\n    certificate-authority-data: LS0tLS1CRUdJTiBDRVJUSUZJQ0FURS0tLS0tCk1JSUU2RENDQXRDZ0F3SUJBZ0lRUFpMcVlqT0tIOC9uNU1YQ3lYUnFnakFOQmdrcWhraUc5dzBCQVFzRkFEQU4KTVFzd0NRWURWUVFERXdKallUQWdGdzB5TWpBMU1UZ3dPVFUyTUROYUdBOHlNRFV5TURVeE9ERXdNRFl3TTFvdwpEVEVMTUFrR0ExVUVBeE1DWTJFd2dnSWlNQTBHQ1NxR1NJYjNEUUVCQVFVQUE0SUNEd0F3Z2dJS0FvSUNBUURkCnhiSTdXQzVyR1dEa29vNUxiekIra3lqc3JreFY1T2hpQk9lMDR1dVZ3bmR1WmFKUm9EU3JielhFS2paczJrd0sKblUvYUJLcE83YkdLdnhFUm1aQ2hmVHNDQVAwQmg4eGFyK1dGVWxySEcwRFV5Z3dDakg5V0ozSnNCZGRESEtDawppeDBzL2NWMTRRUElEN2ttNkwzZTZxVEl6NXV2ZDZoc0gyUjQyeUZKaUhuV2hmUTExNTN5NUhmNGQvV0tUZzNBCm4yMEtqSmVoUW5NWDF0ZEN1WndUOGVVb2lGWDJtMG5Ua2EvM2pweFJrVTBUMkpXSUdLRjc5Si95aEsyVjFGZVAKVVhDYkVDYnl2Z0Ixb2w1MVdYUVdiWGhvNkV1eWRUdVI1bk9Dd21OUDZBeXNlQko0QmE3cStZVkZBU3RhQXZZbQptcmdVMDdsR3lEb1BvRzB0aC9lQUJlOFMxZldQd2JSVWl2T3ZEb1VyWGQ0a2lqc0RJL3Q2TU1DZm45M3pMMjV1CkxGeVBreWtoVHJNTjQ1cjk0a3RYb2pLMW1Bamd4L2t3WVduM3lwdTdCT0F4NjhnZ2M4eVBLRDJFdWRqUGhGUTEKRWpGVjBhMlliNlZvQnRRaThYaVp3QUwvK2lWZ0JsajVyT1NGcDY2bkZZaGdKWHVuN2xzU20zVEU1Sy9zbTJsQwpJT0NHc0NTQjFUNUxNb1p0RXhjZkwvNW9Tak5yWDlYeEpOU0M3eklpRnF0bkZtT0x2alVQL1dzZGhRRnhJOVM0CmlIV1RzRHdKdG5TakhhWnVOVktwZ1VSSnJFZ0xXYXpHYjQ2YStkdW5vTjZuakE1ZlpwZW95a210bEVybFlvM2sKM290dnlKdVVadHdSd2IyS2toSDQrWThWVEpIZjhZV1Y2bFFoSG8zLy93SURBUUFCbzBJd1FEQU9CZ05WSFE4QgpBZjhFQkFNQ0FxUXdEd1lEVlIwVEFRSC9CQVV3QXdFQi96QWRCZ05WSFE0RUZnUVV4K0lySjJ0d0IyYTVxQXBlCmY1ZXdBTlNBWWZJd0RRWUpLb1pJaHZjTkFRRUxCUUFEZ2dJQkFKdFpnQjdqOVU2UjVQQUpxN25vS0RJYUlKNHQKWDNLWHI4SXRsdWtRUWtPSXFPNDJwa01nbWFGY0tFMC9ZYmlVbUhyNlhCYkNydlZCYjg2WHROQ0JFWThuNkpwcgp1S3RESUYwN2VmT0dNVXlrajJmMVVLcHdDdmZycVV4aVdWa3YvaXBsUVJTTFFQb3BWZ1pMc1AyS0hSOU0ydWFwCmp0QTV4MzRCWEl3cmRIbWNjVTRmdlNRTnh4Vmc5YVBWcTNUTytXVC90T3VJZERESDltSkFTTVl2V1ZjWW5xUlkKdkcrQ2hKYk51S25vN1NQaFNNR0dNMHpkZnVJT1hJOEU4YU5ITmJyVitjYi9PK043Z3VzRkpFaXJ6dWwydk1PbgpzQ0N5dXdhNzV3MGN3eEVwcERHYVJZS3JXaGtJS2k4YXdFY3JqNE5WNnJxK282VjNUZ2hxUnpReXVlUlkveW5XCjhiSGFUekZ4ajVDVFlvdVBUSFFQY2xBZUkwQW5ha0NKZFI3bXVkcC9weDFNblJCTmdubUw2RE9qcTFJYUMyaFkKMVdFV0VDbkhqM0thaWV2NFZ6WlE2ME1MWGYrYjFWTjNaYTJpS2JwcjhNMkpRemUxU1BmUFd3cUpiMVNnZjFtYQo1S01ubkVadURmOFE4cGRtSGhhR3hrNUQ0eFZ1T21kTWpwZS9wVDhMUWxkQXhlcEdWaWh1NGUrc1NuZWVIVzEyCkNMRktUSDJ0RW91RWdER0JjVVc2MVA1N0JnanZmajM5NVh1bmovUC94ZWVqV0l0dGllQUhhNEEvSnpUN1JRZzgKM0FwN3hMTm03L09nVmt1eENpTzF5VEtoZVJqU3pjVklkR1dKcWg4Skx1RFpwRFlsbm5ybjJ5STdaOFV3QzF6OQpzSW9tcVFhUkxLUzZhSUF6Ci0tLS0tRU5EIENFUlRJRklDQVRFLS0tLS0K\n    server: https://deep-alpaca-k8s-15dba58f.hcp.westeurope.azmk8s.io:443\n  name: deep-alpaca-aks\ncontexts:\n- context:\n    cluster: deep-alpaca-aks\n    user: clusterUser_deep-alpaca-rg_deep-alpaca-aks\n  name: deep-alpaca-aks\ncurrent-context: deep-alpaca-aks\nkind: Config\npreferences: {}\nusers:\n- name: clusterUser_deep-alpaca-rg_deep-alpaca-aks\n  user:\n    client-certificate-data: LS0tLS1CRUdJTiBDRVJUSUZJQ0FURS0tLS0tCk1JSUZIVENDQXdXZ0F3SUJBZ0lRWTRKVkhocVZBYlVOMmRXZUM0V1JNakFOQmdrcWhraUc5dzBCQVFzRkFEQU4KTVFzd0NRWURWUVFERXdKallUQWVGdzB5TWpBMU1UZ3dPVFUyTUROYUZ3MHlOREExTVRneE1EQTJNRE5hTURBeApGekFWQmdOVkJBb1REbk41YzNSbGJUcHRZWE4wWlhKek1SVXdFd1lEVlFRREV3eHRZWE4wWlhKamJHbGxiblF3CmdnSWlNQTBHQ1NxR1NJYjNEUUVCQVFVQUE0SUNEd0F3Z2dJS0FvSUNBUURKU1RsVFNjcmxWTmUzTWc2VXRpOEIKU1IxU21sTklJQzZTK094Nlk0bVpPRTFxMDJvMXVGL3h0azhMekZ0QXBudXBSQVU1d2FBbVRTdmxFSG02MW9uaAo0OVMyZjlLNVZDU1hIdEdYeXZHSFBSSzJqMEhITEwxcEFwdTN6ZzBoaWpBZ3hERERoTzNpVEk3Wmx3VmNlZmQyClgvNUkvd2l6dmFTUmxza05nWDVueWluYW5wL2hlT245ekVnaEZNUzZXdDFTblVRellQYi9lRFdFYkR5cFhWQzYKRnB3QUp4QzVDY2pHOFRWK3lORmR4SWZVblp3Z2gydTlPQSsxbnlZOTU2VDUvNDVTMkVUd2tqbEhnckcwSHdQVwpRMTd2VHloRzRJTUpKUjhFenIwM0hYUTJwUmI5MjQyZDlxM083R1BQa1RTbi9IcW1iV2xaNDFtQysvWDB2SjA0Ci9CN1hrUTRvWi90THV4a0ljdXY2Y0xVMlUwdjBRMjdpSlFMK1orbG5tUzdKdytPbjB0VFVlbnd0anIzSjBNVE4KYVFpaUs3ZWFXSXV6VFNSdVk1aktNVkFqdkpadU5BVEIxYjIzRWlTOHgyNWVkQkZNOVNucjh6OS95V2VTOWhSaQo4Vkt5cnNLQ08wNnFpbUVqVllEUjF1dFN5U3lKeUVabUVxU2xEZjluK2F5OWtpQVY0cFo2RERzeDdlUFlCbUhuCmR1K3pZSTVIaVNlSU5JZTN6Q1p5WEliWFI3dmYrWjVhYlJKNlYwMjdjdGZhSThXOXdjUmNjTUM4N2JCSUcrWTQKb29hWVNFNXF0K255ZkVIS1N4UGE0ek1UclEyeXhhL0NFWUFZRXJpWFhSMytDdy9JZUp5S3BzZFZBbk54bXBzTgoyZGZ5L1JuMlhmS1ZDSWtESW1SSlFRSURBUUFCbzFZd1ZEQU9CZ05WSFE4QkFmOEVCQU1DQmFBd0V3WURWUjBsCkJBd3dDZ1lJS3dZQkJRVUhBd0l3REFZRFZSMFRBUUgvQkFJd0FEQWZCZ05WSFNNRUdEQVdnQlRINGlzbmEzQUgKWnJtb0NsNS9sN0FBMUlCaDhqQU5CZ2txaGtpRzl3MEJBUXNGQUFPQ0FnRUFqNS9KL3hkWTh6VFRPaDAyT1kxaQpwRUhvb3BKWDdSZmtibUQ0a05TNlhmTTFvc3lNUC90WTd0Ymk0TkQveGRTaTVob3QrR0t1NGc4YVlOOFl6MEE3CndPcEtINmNkTlZmY2FKMUJaenpCWXVnaDU1RENxYXVnVjN1d1k2LzY5djgvWUlLU1NjQnROSGFGS292QlFuSFYKYURVT01PTG00N0ovRlJDeEgvMmlCKzgwVFdFR1plT0RUNFBOd3dzOXJ0RlNWTlByWVgrejJQUFQ0ckhFMXBPLwpVY0YwU3lqLzVJQnFqbVFMUGhNc1pIVUVLQ1RXaUF2andYQitRbTFjcElUbXJmeFhrc1dZSzk4Q3VlQjlHcitlCmsrSjBlNnl3eG00UndwNFFJcVRUanMvNmVkSlhpck56aEVTclFwYlFBM0Ixa3UrRElzcjRNREVzakF6TUx0bzUKd0NpS3FzNVQxTjFaVWhhcStVczZlRWRueHVtZ3doY2JzUnpJQnlWNDhlSU9QcndVTFRFMXNIOTZ3eW5XOS9pMAo2WHdzUWJrY1llbS9MSk1wU3czakpGaXpaSzVERWk4V0FZRGFVYzlOYXZsVVNoMnRCcjduZmFMTXRBVnhFU1VqCjR5MHhrZUhlQkIrOFN6aXo4cm1CRlRpN1hpRkIzMm5MYk5MTGVSWjB3amhtd1diSmJCYi9rQndtQnFiYnBiVGIKU2ZqNkd4UDZkQVlYYjFqa2xwMXN3KzZFUDA4UjNwbU1WajI5WGg0ekZjRDdDdnU0bkhlNnJJVTdzQnVjK1pFUwo2c3RpVWtPclR2Q0FyUjdzTnZ0YzUvRHVRV082d0VUbXNqNTN1cWtvRWJFQS9xREw1Tlk1ekVzb2dzZzU0QzUzCmVjblh1eUxNSGZad2lxWllHdkJzS1BBPQotLS0tLUVORCBDRVJUSUZJQ0FURS0tLS0tCg==\n    client-key-data: LS0tLS1CRUdJTiBSU0EgUFJJVkFURSBLRVktLS0tLQpNSUlKS0FJQkFBS0NBZ0VBeVVrNVUwbks1VlRYdHpJT2xMWXZBVWtkVXBwVFNDQXVrdmpzZW1PSm1UaE5hdE5xCk5iaGY4YlpQQzh4YlFLWjdxVVFGT2NHZ0prMHI1UkI1dXRhSjRlUFV0bi9TdVZRa2x4N1JsOHJ4aHowU3RvOUIKeHl5OWFRS2J0ODROSVlvd0lNUXd3NFR0NGt5TzJaY0ZYSG4zZGwvK1NQOElzNzJra1piSkRZRitaOG9wMnA2Zgo0WGpwL2N4SUlSVEV1bHJkVXAxRU0yRDIvM2cxaEd3OHFWMVF1aGFjQUNjUXVRbkl4dkUxZnNqUlhjU0gxSjJjCklJZHJ2VGdQdFo4bVBlZWsrZitPVXRoRThKSTVSNEt4dEI4RDFrTmU3MDhvUnVDRENTVWZCTTY5TngxME5xVVcKL2R1Tm5mYXR6dXhqejVFMHAveDZwbTFwV2VOWmd2djE5THlkT1B3ZTE1RU9LR2Y3UzdzWkNITHIrbkMxTmxOTAo5RU51NGlVQy9tZnBaNWt1eWNQanA5TFUxSHA4TFk2OXlkREV6V2tJb2l1M21saUxzMDBrYm1PWXlqRlFJN3lXCmJqUUV3ZFc5dHhJa3ZNZHVYblFSVFBVcDYvTS9mOGxua3ZZVVl2RlNzcTdDZ2p0T3FvcGhJMVdBMGRiclVza3MKaWNoR1poS2twUTMvWi9tc3ZaSWdGZUtXZWd3N01lM2oyQVpoNTNidnMyQ09SNGtuaURTSHQ4d21jbHlHMTBlNwozL21lV20wU2VsZE51M0xYMmlQRnZjSEVYSERBdk8yd1NCdm1PS0tHbUVoT2FyZnA4bnhCeWtzVDJ1TXpFNjBOCnNzV3Z3aEdBR0JLNGwxMGQvZ3NQeUhpY2lxYkhWUUp6Y1pxYkRkblg4djBaOWwzeWxRaUpBeUprU1VFQ0F3RUEKQVFLQ0FnRUFuK1dRS1U2Y1kvTXk3VzlSVCtjdGplcmo1VU44MXZYaHFaVWVYZGNHYm5YZ1lmVVNFUnltOHQ5dApDYVZMOUI2TWE1a0NRYkJEcFVsMmpoKzVZNmVibnBzYTFlTFNwYkJtNUxseHJCQm1MNVZmY1RCNkExdlNGMElnCkt6SC9FbDZ3L3NaN0trWkZwcGhFZml0TzhmaGRrV2FPSExTajJBelZWMllkenFISXBYQmVNVElETmR5VW5LMlQKdXR2QnIzd1JCdGl4WGRNd1F4N2QvSlR5MTJPdWhqVUJ0Y2xTcW50UVNHRkNxcldpUThla1Uwemt3cDV4QXI0dgpGSXNabU9HVUY1aGdHZ1Y5TmxJaU9HRmxBdjRFVVVmeGVVODdZcHBrM1hYa256QVA5V0ZyZVNGS0UxMCtzWFpNCitleWxHVFZ6UytMd0Y1Y2dzbXc5SmlVN2JEQU0vOWZjcTJXQVVzalFzS09vSVF3NklmdHZRUDhYWDc4d05JanQKTDFTTzY4T1JvWUY0SkdwRTRwN0M5STd5N2hZb053RnNPQTdiUWNENGw3ZmtzWUdLaW9OVi9vMklYMWgyTGZ2NAo1dGdWWDZacnlYRVZYc251WWhBWUpqOVBPQnZBSTNWUUVxU2l1OUVJVjBQNTVmL0hUTE04bmZtT21YL1YzTHNTClh4S2pNNWd6d2pueDJ5cE90VVI3a1YyUXVnWmxwTE9IUGw4OC9MemRzcm5yQXZqUjZCK3Y4TlkzU2pMSVdpeXkKRWltUzNtcVpzcTZaRHU2Q0JzNTMyMGJ1QkdIYjBwTm5STFdhbEwrWkx0R3Qxb3kyZDhFY20zQmFJOGthMGlrdQpUclpsbzZaRDZlQmJabFNwWlVxa01aa3VmZGlGcGlrS0NkZzIwN1V0MklXL1BnWlpqdlVDZ2dFQkFPaXptWUtxCk01eURjT090S1pLdndZVk1vcDNOcDBUejVlV2d3ajlxNFRzN0U0Z0VmbDFwOUlXUUFNNTd0YmtPdjN2RUd6VUIKV1BMSzA2QUdmUGg5NE5kM0ZMeVdkeXBYbFB4R2VTS0RrRnMzMkdzS1p0Ui9DeE1mUE1hWWdobmp3V3laWXh1NgpNVGRMWGJDL3krd0Z4STZxeGhEbzZEQXN4M3h3UmRKOTd2TW9ibERCRGk5dE45MnVuNUN4bGVpeVR2VnRmWk00CkltYmtvdmFFcXljYnZIUW92YTZFZU9KRFp2YW9hVzdHRTJhdlFUeXZlNWk0eklnWGlJUnpQMXczSUdyS3FFa1EKSVJGNTZqNlZPcUkxbVhsZy9PYVk0aDdoWEgzeVBnVUN6SnZnQ2NGaFBjci9rVjZ5WkdsbngzZjMrUEE5akxGdApyMmMranVEQ2I4N3BLTzhDZ2dFQkFOMXdhTU1mWWdsN29rOTJ2b1h3Rk9ySzdRdUFEQlUwR293aWEvdzFMVDBHCkZTSHN3UU5VVytpNFNtd3FNZWZrelcyalNVcGIxVDY4MzJENXI0NEhFZVpTdEJuWWVZVDNMdlFONG5SYlEvVTgKanNzckNySTJ6T3N3WFVDY3VhNXAzTW9hdjEycHY5NGlVN0xJWHNqZi96aVVRWWlFNndXczlEb1drQVJiVm4vQgptZ3RPRkY3MmRIbWgzbzFiSWdqcXRneFpYMVlUUTgzR1h4NmZBSnVpdURpSGUwS3BUTjh0WDJsNGc0aFQyUVJFCkI1QzBzNHUzVVRoMThDanU3bGZxL0R0eFNzejZKdGcwdnovQ3ZMTVJESXlvYzQ5anNuelVRSUo3M0NBTXllOGoKTElRU3orVFhQNzhWVEREUlhxalNzcEtpZHV5NHFnNm9XaEQ2N21NRzBNOENnZ0VBT1JBcHVkQVEvZldCam1OZApTWHBPQTJrcWkzWHQ2Y3ZCZVpEMWNXVzlPN0FkOXdIYkZ2OHZsajBjNVlXU3A0SEZWUTFlK3AyTStXVGhobUZ3CjdlSzRhejNwV09HdzhUSXU5N28wWkZGTTZnR0UwYUxvV24yWThxUjdXOXYwTTNNVmNKTWdxYUQ4QnFvMW5HMDgKRFhIUXBJZWVNSEZjMXN0MFU4Q1licWl4R3ZHME01dFQ1aTlyUHJKZXNMWExwQmR0bzJPcElwdm1XOEwvYjJKVApNakRzQXJRbTU0L1dzTzJFWjBJZk1LbmtBZzlCK1Nhek1WMUgwcXVxcjRndlptYWlUVzNLM0xmVzFCbEladlpqClBYblZXOTE3eHZTQXByL3UxWGU4MjYrM0N4WmliZ2h4aGNFc0hjT3pPZUhZR1VRMnlIcmZjSGNNUjA0ZzdWN2cKMmlWMUF3S0NBUUJHTVNta0lFQ05UUGxvUXZXbHN6S09Nb0R0VWt1Q05SL3RKOFFmRUNRazRkYTFDRDB1ZHdFagpSYmVoamNhQUFWRDAzZnVQYklpdCtHUytjcWNwV0NoZVgvemk3SEdvcWtuaDVyelBzVlpiV0RUVFJmT0FCa3J5CmlrUWxCUWordG1QY1ZKb3djR3gzVjE0OG43TWI3WlVUTkR1SnNNaG01aW9NZDdaekN4amlLbFpRR3hIdUFDVnYKb05YUTdRQmUzemVSdG9xMzJDZDRCTmVGOTFUVUFNSndlTkdqa2RMaU01bTQ3eENTbURHRVhxUWZSSWhkVTJDVgppeHp6Zkxsa2VRSTNQWFErZ1ZUcTE5MS9zcFRxRmc5cVRzTkN3cEdEYkN4K3NCQll3SFVLTHBZZnoyN0MxVkJKCm05Q284TlVXb3FNa1JBZDZoaGF4eXIreC9qaXVmeXlWQW9JQkFGbS9SYXZkM1NDUFhtUWQxTWpzV0FSbDMvTG8KVnBFNDdBU3dOV0wyK1RhVzRQck1QQ2lpREk2V1VJR2h0eFNkdWl3a2Q2bnFRRjg4Y0dZL0VnV0xzR1ZGWVAvZgpWcVVqenUwVVB1aHJYZ2tvcTYrMWNPWGJuKzllMUNsdk9mcUFtS2x4aldyWm0vcEVkcFdsbHZqV1dCWExDTDhJCkxVRFhJV1VuWktINit1SXJwYjJFOTU0d2NpYlNtZWFZck1LSzRPVTNyQ05abzVSOUlXYlB5MzBNSXV1aG1wZkkKUDhnRFdZSHRPRFJvZzhsbS9lcENZYmRuL1JUeHEvalYreU85d1pmR1c4VEFpUEttRlFBcVVOOGVIRGUwb1o0MQpmNjdsZUd3VzZlK0pjQkhwL3N1bCtybU1nY1d6NU9JSzNTQ20vWGh1MGEwbFhMMlJ1OC9TSlZxMGZNaz0KLS0tLS1FTkQgUlNBIFBSSVZBVEUgS0VZLS0tLS0K\n    token: 8a653445ef837e989e4302e1cbc001b0beaab75c66852c778cdef2773c04b58b6d151c18c838fd5576a24af74ec1e66d03e81b4a2aa6df6396fb47c39de6c1b4\n",
            "kubelet_identity": [],
            "kubernetes_version": "1.22.6",
            "linux_profile": [
              {
                "admin_username": "",
                "ssh_key": []
              }
            ],
            "location": "westeurope",
            "name": "deep-alpaca-aks",
            "network_profile": [
              {
                "dns_service_ip": "10.0.0.10",
                "docker_bridge_cidr": "172.17.0.1/16",
                "load_balancer_sku": "Standard",
                "network_plugin": "kubenet",
                "network_policy": "",
                "pod_cidr": "10.244.0.0/16",
                "service_cidr": "10.0.0.0/16"
              }
            ],
            "node_resource_group": "MC_deep-alpaca-rg_deep-alpaca-aks_westeurope",
            "oms_agent": [],
            "open_service_mesh_enabled": false,
            "private_cluster_enabled": false,
            "private_fqdn": "",
            "resource_group_name": "deep-alpaca-rg",
            "role_based_access_control_enabled": true,
            "service_principal": [
              {
                "client_id": "4d75a9ab-4b3a-48bd-b9e4-d13bb5d97926"
              }
            ],
            "tags": {
              "environment": "Demo"
            },
            "timeouts": null,
            "windows_profile": []
          },
          "sensitive_attributes": []
        }
      ]
    },
    {
      "mode": "data",
      "type": "terraform_remote_state",
      "name": "aks",
      "provider": "provider[\"terraform.io/builtin/terraform\"]",
      "instances": [
        {
          "schema_version": 0,
          "attributes": {
            "backend": "local",
            "config": {
              "value": {
                "path": "../learn-terraform-provision-aks-cluster/terraform.tfstate"
              },
              "type": [
                "object",
                {
                  "path": "string"
                }
              ]
            },
            "defaults": null,
            "outputs": {
              "value": {
                "kubernetes_cluster_name": "deep-alpaca-aks",
                "resource_group_name": "deep-alpaca-rg"
              },
              "type": [
                "object",
                {
                  "kubernetes_cluster_name": "string",
                  "resource_group_name": "string"
                }
              ]
            },
            "workspace": null
          },
          "sensitive_attributes": []
        }
      ]
    },
    {
      "mode": "managed",
      "type": "kubernetes_deployment",
      "name": "nginx",
      "provider": "provider[\"registry.terraform.io/hashicorp/kubernetes\"]",
      "instances": [
        {
          "schema_version": 1,
          "attributes": {
            "id": "default/scalable-nginx-example",
            "metadata": [
              {
                "annotations": {},
                "generate_name": "",
                "generation": 1,
                "labels": {
                  "App": "ScalableNginxExample"
                },
                "name": "scalable-nginx-example",
                "namespace": "default",
                "resource_version": "9082",
                "uid": "b36368d4-af16-4d46-b014-4c1da4be3a31"
              }
            ],
            "spec": [
              {
                "min_ready_seconds": 0,
                "paused": false,
                "progress_deadline_seconds": 600,
                "replicas": "4",
                "revision_history_limit": 10,
                "selector": [
                  {
                    "match_expressions": [],
                    "match_labels": {
                      "App": "ScalableNginxExample"
                    }
                  }
                ],
                "strategy": [
                  {
                    "rolling_update": [
                      {
                        "max_surge": "25%",
                        "max_unavailable": "25%"
                      }
                    ],
                    "type": "RollingUpdate"
                  }
                ],
                "template": [
                  {
                    "metadata": [
                      {
                        "annotations": {},
                        "generate_name": "",
                        "generation": 0,
                        "labels": {
                          "App": "ScalableNginxExample"
                        },
                        "name": "",
                        "namespace": "",
                        "resource_version": "",
                        "uid": ""
                      }
                    ],
                    "spec": [
                      {
                        "active_deadline_seconds": 0,
                        "affinity": [],
                        "automount_service_account_token": true,
                        "container": [
                          {
                            "args": [],
                            "command": [],
                            "env": [],
                            "env_from": [],
                            "image": "nginx:1.7.8",
                            "image_pull_policy": "IfNotPresent",
                            "lifecycle": [],
                            "liveness_probe": [],
                            "name": "example",
                            "port": [
                              {
                                "container_port": 80,
                                "host_ip": "",
                                "host_port": 0,
                                "name": "",
                                "protocol": "TCP"
                              }
                            ],
                            "readiness_probe": [],
                            "resources": [
                              {
                                "limits": {
                                  "cpu": "500m",
                                  "memory": "512Mi"
                                },
                                "requests": {
                                  "cpu": "250m",
                                  "memory": "50Mi"
                                }
                              }
                            ],
                            "security_context": [],
                            "startup_probe": [],
                            "stdin": false,
                            "stdin_once": false,
                            "termination_message_path": "/dev/termination-log",
                            "termination_message_policy": "File",
                            "tty": false,
                            "volume_mount": [],
                            "working_dir": ""
                          }
                        ],
                        "dns_config": [],
                        "dns_policy": "ClusterFirst",
                        "enable_service_links": true,
                        "host_aliases": [],
                        "host_ipc": false,
                        "host_network": false,
                        "host_pid": false,
                        "hostname": "",
                        "image_pull_secrets": [],
                        "init_container": [],
                        "node_name": "",
                        "node_selector": {},
                        "priority_class_name": "",
                        "readiness_gate": [],
                        "restart_policy": "Always",
                        "security_context": [],
                        "service_account_name": "",
                        "share_process_namespace": false,
                        "subdomain": "",
                        "termination_grace_period_seconds": 30,
                        "toleration": [],
                        "topology_spread_constraint": [],
                        "volume": []
                      }
                    ]
                  }
                ]
              }
            ],
            "timeouts": null,
            "wait_for_rollout": true
          },
          "sensitive_attributes": [],
          "private": "eyJlMmJmYjczMC1lY2FhLTExZTYtOGY4OC0zNDM2M2JjN2M0YzAiOnsiY3JlYXRlIjo2MDAwMDAwMDAwMDAsImRlbGV0ZSI6NjAwMDAwMDAwMDAwLCJ1cGRhdGUiOjYwMDAwMDAwMDAwMH0sInNjaGVtYV92ZXJzaW9uIjoiMSJ9",
          "dependencies": [
            "data.azurerm_kubernetes_cluster.cluster",
            "data.terraform_remote_state.aks"
          ]
        }
      ]
    },
    {
      "mode": "managed",
      "type": "kubernetes_manifest",
      "name": "crontab_crd",
      "provider": "provider[\"registry.terraform.io/hashicorp/kubernetes\"]",
      "instances": [
        {
          "schema_version": 1,
          "attributes": {
            "computed_fields": null,
            "field_manager": [],
            "manifest": {
              "value": {
                "apiVersion": "apiextensions.k8s.io/v1",
                "kind": "CustomResourceDefinition",
                "metadata": {
                  "name": "crontabs.stable.example.com"
                },
                "spec": {
                  "group": "stable.example.com",
                  "names": {
                    "kind": "CronTab",
                    "plural": "crontabs",
                    "shortNames": [
                      "ct"
                    ],
                    "singular": "crontab"
                  },
                  "scope": "Namespaced",
                  "versions": [
                    {
                      "name": "v1",
                      "schema": {
                        "openAPIV3Schema": {
                          "properties": {
                            "spec": {
                              "properties": {
                                "cronSpec": {
                                  "type": "string"
                                },
                                "image": {
                                  "type": "string"
                                }
                              },
                              "type": "object"
                            }
                          },
                          "type": "object"
                        }
                      },
                      "served": true,
                      "storage": true
                    }
                  ]
                }
              },
              "type": [
                "object",
                {
                  "apiVersion": "string",
                  "kind": "string",
                  "metadata": [
                    "object",
                    {
                      "name": "string"
                    }
                  ],
                  "spec": [
                    "object",
                    {
                      "group": "string",
                      "names": [
                        "object",
                        {
                          "kind": "string",
                          "plural": "string",
                          "shortNames": [
                            "tuple",
                            [
                              "string"
                            ]
                          ],
                          "singular": "string"
                        }
                      ],
                      "scope": "string",
                      "versions": [
                        "tuple",
                        [
                          [
                            "object",
                            {
                              "name": "string",
                              "schema": [
                                "object",
                                {
                                  "openAPIV3Schema": [
                                    "object",
                                    {
                                      "properties": [
                                        "object",
                                        {
                                          "spec": [
                                            "object",
                                            {
                                              "properties": [
                                                "object",
                                                {
                                                  "cronSpec": [
                                                    "object",
                                                    {
                                                      "type": "string"
                                                    }
                                                  ],
                                                  "image": [
                                                    "object",
                                                    {
                                                      "type": "string"
                                                    }
                                                  ]
                                                }
                                              ],
                                              "type": "string"
                                            }
                                          ]
                                        }
                                      ],
                                      "type": "string"
                                    }
                                  ]
                                }
                              ],
                              "served": "bool",
                              "storage": "bool"
                            }
                          ]
                        ]
                      ]
                    }
                  ]
                }
              ]
            },
            "object": {
              "value": {
                "apiVersion": "apiextensions.k8s.io/v1",
                "kind": "CustomResourceDefinition",
                "metadata": {
                  "annotations": null,
                  "clusterName": null,
                  "creationTimestamp": null,
                  "deletionGracePeriodSeconds": null,
                  "deletionTimestamp": null,
                  "finalizers": null,
                  "generateName": null,
                  "generation": null,
                  "labels": null,
                  "managedFields": null,
                  "name": "crontabs.stable.example.com",
                  "namespace": null,
                  "ownerReferences": null,
                  "resourceVersion": null,
                  "selfLink": null,
                  "uid": null
                },
                "spec": {
                  "conversion": {
                    "strategy": "None",
                    "webhook": {
                      "clientConfig": {
                        "caBundle": null,
                        "service": {
                          "name": null,
                          "namespace": null,
                          "path": null,
                          "port": null
                        },
                        "url": null
                      },
                      "conversionReviewVersions": null
                    }
                  },
                  "group": "stable.example.com",
                  "names": {
                    "categories": null,
                    "kind": "CronTab",
                    "listKind": "CronTabList",
                    "plural": "crontabs",
                    "shortNames": [
                      "ct"
                    ],
                    "singular": "crontab"
                  },
                  "preserveUnknownFields": null,
                  "scope": "Namespaced",
                  "versions": [
                    {
                      "additionalPrinterColumns": null,
                      "deprecated": null,
                      "deprecationWarning": null,
                      "name": "v1",
                      "schema": {
                        "openAPIV3Schema": {
                          "properties": {
                            "spec": {
                              "properties": {
                                "cronSpec": {
                                  "type": "string"
                                },
                                "image": {
                                  "type": "string"
                                }
                              },
                              "type": "object"
                            }
                          },
                          "type": "object"
                        }
                      },
                      "served": true,
                      "storage": true,
                      "subresources": {
                        "scale": {
                          "labelSelectorPath": null,
                          "specReplicasPath": null,
                          "statusReplicasPath": null
                        },
                        "status": null
                      }
                    }
                  ]
                }
              },
              "type": [
                "object",
                {
                  "apiVersion": "string",
                  "kind": "string",
                  "metadata": [
                    "object",
                    {
                      "annotations": [
                        "map",
                        "string"
                      ],
                      "clusterName": "string",
                      "creationTimestamp": "string",
                      "deletionGracePeriodSeconds": "number",
                      "deletionTimestamp": "string",
                      "finalizers": [
                        "list",
                        "string"
                      ],
                      "generateName": "string",
                      "generation": "number",
                      "labels": [
                        "map",
                        "string"
                      ],
                      "managedFields": [
                        "tuple",
                        [
                          [
                            "object",
                            {
                              "apiVersion": "string",
                              "fieldsType": "string",
                              "fieldsV1": "dynamic",
                              "manager": "string",
                              "operation": "string",
                              "subresource": "string",
                              "time": "string"
                            }
                          ]
                        ]
                      ],
                      "name": "string",
                      "namespace": "string",
                      "ownerReferences": [
                        "list",
                        [
                          "object",
                          {
                            "apiVersion": "string",
                            "blockOwnerDeletion": "bool",
                            "controller": "bool",
                            "kind": "string",
                            "name": "string",
                            "uid": "string"
                          }
                        ]
                      ],
                      "resourceVersion": "string",
                      "selfLink": "string",
                      "uid": "string"
                    }
                  ],
                  "spec": [
                    "object",
                    {
                      "conversion": [
                        "object",
                        {
                          "strategy": "string",
                          "webhook": [
                            "object",
                            {
                              "clientConfig": [
                                "object",
                                {
                                  "caBundle": "string",
                                  "service": [
                                    "object",
                                    {
                                      "name": "string",
                                      "namespace": "string",
                                      "path": "string",
                                      "port": "number"
                                    }
                                  ],
                                  "url": "string"
                                }
                              ],
                              "conversionReviewVersions": [
                                "list",
                                "string"
                              ]
                            }
                          ]
                        }
                      ],
                      "group": "string",
                      "names": [
                        "object",
                        {
                          "categories": [
                            "list",
                            "string"
                          ],
                          "kind": "string",
                          "listKind": "string",
                          "plural": "string",
                          "shortNames": [
                            "list",
                            "string"
                          ],
                          "singular": "string"
                        }
                      ],
                      "preserveUnknownFields": "bool",
                      "scope": "string",
                      "versions": [
                        "tuple",
                        [
                          [
                            "object",
                            {
                              "additionalPrinterColumns": [
                                "list",
                                [
                                  "object",
                                  {
                                    "description": "string",
                                    "format": "string",
                                    "jsonPath": "string",
                                    "name": "string",
                                    "priority": "number",
                                    "type": "string"
                                  }
                                ]
                              ],
                              "deprecated": "bool",
                              "deprecationWarning": "string",
                              "name": "string",
                              "schema": [
                                "object",
                                {
                                  "openAPIV3Schema": [
                                    "object",
                                    {
                                      "properties": [
                                        "object",
                                        {
                                          "spec": [
                                            "object",
                                            {
                                              "properties": [
                                                "object",
                                                {
                                                  "cronSpec": [
                                                    "object",
                                                    {
                                                      "type": "string"
                                                    }
                                                  ],
                                                  "image": [
                                                    "object",
                                                    {
                                                      "type": "string"
                                                    }
                                                  ]
                                                }
                                              ],
                                              "type": "string"
                                            }
                                          ]
                                        }
                                      ],
                                      "type": "string"
                                    }
                                  ]
                                }
                              ],
                              "served": "bool",
                              "storage": "bool",
                              "subresources": [
                                "object",
                                {
                                  "scale": [
                                    "object",
                                    {
                                      "labelSelectorPath": "string",
                                      "specReplicasPath": "string",
                                      "statusReplicasPath": "string"
                                    }
                                  ],
                                  "status": "dynamic"
                                }
                              ]
                            }
                          ]
                        ]
                      ]
                    }
                  ]
                }
              ]
            },
            "timeouts": [],
            "wait": [],
            "wait_for": null
          },
          "sensitive_attributes": [],
          "dependencies": [
            "data.azurerm_kubernetes_cluster.cluster",
            "data.terraform_remote_state.aks"
          ]
        }
      ]
    },
    {
      "mode": "managed",
      "type": "kubernetes_manifest",
      "name": "my_new_crontab",
      "provider": "provider[\"registry.terraform.io/hashicorp/kubernetes\"]",
      "instances": [
        {
          "schema_version": 1,
          "attributes": {
            "computed_fields": null,
            "field_manager": [],
            "manifest": {
              "value": {
                "apiVersion": "stable.example.com/v1",
                "kind": "CronTab",
                "metadata": {
                  "name": "my-new-cron-object",
                  "namespace": "default"
                },
                "spec": {
                  "cronSpec": "* * * * */5",
                  "image": "my-awesome-cron-image"
                }
              },
              "type": [
                "object",
                {
                  "apiVersion": "string",
                  "kind": "string",
                  "metadata": [
                    "object",
                    {
                      "name": "string",
                      "namespace": "string"
                    }
                  ],
                  "spec": [
                    "object",
                    {
                      "cronSpec": "string",
                      "image": "string"
                    }
                  ]
                }
              ]
            },
            "object": {
              "value": {
                "apiVersion": "stable.example.com/v1",
                "kind": "CronTab",
                "metadata": {
                  "annotations": null,
                  "clusterName": null,
                  "creationTimestamp": null,
                  "deletionGracePeriodSeconds": null,
                  "deletionTimestamp": null,
                  "finalizers": null,
                  "generateName": null,
                  "generation": null,
                  "labels": null,
                  "managedFields": null,
                  "name": "my-new-cron-object",
                  "namespace": "default",
                  "ownerReferences": null,
                  "resourceVersion": null,
                  "selfLink": null,
                  "uid": null
                },
                "spec": {
                  "cronSpec": "* * * * */5",
                  "image": "my-awesome-cron-image"
                }
              },
              "type": [
                "object",
                {
                  "apiVersion": "string",
                  "kind": "string",
                  "metadata": [
                    "object",
                    {
                      "annotations": [
                        "map",
                        "string"
                      ],
                      "clusterName": "string",
                      "creationTimestamp": "string",
                      "deletionGracePeriodSeconds": "number",
                      "deletionTimestamp": "string",
                      "finalizers": [
                        "list",
                        "string"
                      ],
                      "generateName": "string",
                      "generation": "number",
                      "labels": [
                        "map",
                        "string"
                      ],
                      "managedFields": [
                        "tuple",
                        [
                          [
                            "object",
                            {
                              "apiVersion": "string",
                              "fieldsType": "string",
                              "fieldsV1": "dynamic",
                              "manager": "string",
                              "operation": "string",
                              "subresource": "string",
                              "time": "string"
                            }
                          ]
                        ]
                      ],
                      "name": "string",
                      "namespace": "string",
                      "ownerReferences": [
                        "list",
                        [
                          "object",
                          {
                            "apiVersion": "string",
                            "blockOwnerDeletion": "bool",
                            "controller": "bool",
                            "kind": "string",
                            "name": "string",
                            "uid": "string"
                          }
                        ]
                      ],
                      "resourceVersion": "string",
                      "selfLink": "string",
                      "uid": "string"
                    }
                  ],
                  "spec": [
                    "object",
                    {
                      "cronSpec": "string",
                      "image": "string"
                    }
                  ]
                }
              ]
            },
            "timeouts": [],
            "wait": [],
            "wait_for": null
          },
          "sensitive_attributes": [],
          "dependencies": [
            "data.azurerm_kubernetes_cluster.cluster"
          ]
        }
      ]
    },
    {
      "mode": "managed",
      "type": "kubernetes_service",
      "name": "nginx",
      "provider": "provider[\"registry.terraform.io/hashicorp/kubernetes\"]",
      "instances": [
        {
          "schema_version": 1,
          "attributes": {
            "id": "default/nginx-example",
            "metadata": [
              {
                "annotations": {},
                "generate_name": "",
                "generation": 0,
                "labels": {},
                "name": "nginx-example",
                "namespace": "default",
                "resource_version": "9134",
                "uid": "2e0b25c0-0fd0-4760-9e62-7bd8ded01796"
              }
            ],
            "spec": [
              {
                "cluster_ip": "10.0.215.224",
                "external_ips": [],
                "external_name": "",
                "external_traffic_policy": "Cluster",
                "health_check_node_port": 0,
                "ip_families": [
                  "IPv4"
                ],
                "ip_family_policy": "SingleStack",
                "load_balancer_ip": "",
                "load_balancer_source_ranges": [],
                "port": [
                  {
                    "app_protocol": "",
                    "name": "",
                    "node_port": 30561,
                    "port": 80,
                    "protocol": "TCP",
                    "target_port": "80"
                  }
                ],
                "publish_not_ready_addresses": false,
                "selector": {
                  "App": "ScalableNginxExample"
                },
                "session_affinity": "None",
                "type": "LoadBalancer"
              }
            ],
            "status": [
              {
                "load_balancer": [
                  {
                    "ingress": [
                      {
                        "hostname": "",
                        "ip": "51.137.14.213"
                      }
                    ]
                  }
                ]
              }
            ],
            "timeouts": null,
            "wait_for_load_balancer": true
          },
          "sensitive_attributes": [],
          "private": "eyJlMmJmYjczMC1lY2FhLTExZTYtOGY4OC0zNDM2M2JjN2M0YzAiOnsiY3JlYXRlIjo2MDAwMDAwMDAwMDB9LCJzY2hlbWFfdmVyc2lvbiI6IjEifQ==",
          "dependencies": [
            "data.azurerm_kubernetes_cluster.cluster",
            "data.terraform_remote_state.aks",
            "kubernetes_deployment.nginx"
          ]
        }
      ]
    }
  ]
}
